
Microsoft Visual Studio Solution File, Format Version 12.00
# Visual Studio Version 16
VisualStudioVersion = 16.0.31515.178
MinimumVisualStudioVersion = 10.0.40219.1
Project("{FAE04EC0-301F-11D3-BF4B-00C04F79EFBC}") = "protection.solutions", "protection.solutions\protection.solutions.csproj", "{6C8BE367-9D6F-4BF2-AE64-F70B15B05D44}"
EndProject
Global
	GlobalSection(SolutionConfigurationPlatforms) = preSolution
		Debug|Any CPU = Debug|Any CPU
		Release|Any CPU = Release|Any CPU
	EndGlobalSection
	GlobalSection(ProjectConfigurationPlatforms) = postSolution
		{6C8BE367-9D6F-4BF2-AE64-F70B15B05D44}.Debug|Any CPU.ActiveCfg = Debug|Any CPU
		{6C8BE367-9D6F-4BF2-AE64-F70B15B05D44}.Debug|Any CPU.Build.0 = Debug|Any CPU
		{6C8BE367-9D6F-4BF2-AE64-F70B15B05D44}.Release|Any CPU.ActiveCfg = Release|Any CPU
		{6C8BE367-9D6F-4BF2-AE64-F70B15B05D44}.Release|Any CPU.Build.0 = Release|Any CPU
	EndGlobalSection
	GlobalSection(SolutionProperties) = preSolution
		HideSolutionNode = FALSE
	EndGlobalSection
	GlobalSection(ExtensibilityGlobals) = postSolution
		SolutionGuid = {C9808122-5003-4880-A485-55AAE5B0C4DB}
	EndGlobalSection
EndGlobal
